
Microsoft Visual Studio Solution File, Format Version 12.00
# Visual Studio Version 16
VisualStudioVersion = 16.0.30523.141
MinimumVisualStudioVersion = 10.0.40219.1
Project("{FAE04EC0-301F-11D3-BF4B-00C04F79EFBC}") = "Adressbok", "Adressbok.csproj", "{8B6DF3B2-E782-4FB2-BD98-235E9717461C}"
EndProject
Global
	GlobalSection(SolutionConfigurationPlatforms) = preSolution
		Debug|Any CPU = Debug|Any CPU
		Release|Any CPU = Release|Any CPU
	EndGlobalSection
	GlobalSection(ProjectConfigurationPlatforms) = postSolution
		{8B6DF3B2-E782-4FB2-BD98-235E9717461C}.Debug|Any CPU.ActiveCfg = Debug|Any CPU
		{8B6DF3B2-E782-4FB2-BD98-235E9717461C}.Debug|Any CPU.Build.0 = Debug|Any CPU
		{8B6DF3B2-E782-4FB2-BD98-235E9717461C}.Release|Any CPU.ActiveCfg = Release|Any CPU
		{8B6DF3B2-E782-4FB2-BD98-235E9717461C}.Release|Any CPU.Build.0 = Release|Any CPU
	EndGlobalSection
	GlobalSection(SolutionProperties) = preSolution
		HideSolutionNode = FALSE
	EndGlobalSection
	GlobalSection(ExtensibilityGlobals) = postSolution
		SolutionGuid = {0ACC48E1-E54B-421B-8A34-F26B120D455C}
	EndGlobalSection
EndGlobal
